
Microsoft Visual Studio Solution File, Format Version 12.00
# Visual Studio Version 17
VisualStudioVersion = 17.13.35931.197
MinimumVisualStudioVersion = 10.0.40219.1
Project("{FAE04EC0-301F-11D3-BF4B-00C04F79EFBC}") = "Ex02", "Ex02\Ex02.csproj", "{BEFE276E-B578-49D4-A239-D48D90761440}"
EndProject
Project("{2150E333-8FDC-42A3-9474-1A3956D46DE8}") = "Solution Items", "Solution Items", "{6A75DBEF-84F7-45B0-8E1E-5EED796B98F4}"
EndProject
Project("{FAE04EC0-301F-11D3-BF4B-00C04F79EFBC}") = "AppUI", "AppUI\AppUI.csproj", "{33137874-CEA4-4541-8347-58B83AC36306}"
EndProject
Global
	GlobalSection(SolutionConfigurationPlatforms) = preSolution
		Debug|Any CPU = Debug|Any CPU
		Release|Any CPU = Release|Any CPU
	EndGlobalSection
	GlobalSection(ProjectConfigurationPlatforms) = postSolution
		{BEFE276E-B578-49D4-A239-D48D90761440}.Debug|Any CPU.ActiveCfg = Debug|Any CPU
		{BEFE276E-B578-49D4-A239-D48D90761440}.Debug|Any CPU.Build.0 = Debug|Any CPU
		{BEFE276E-B578-49D4-A239-D48D90761440}.Release|Any CPU.ActiveCfg = Release|Any CPU
		{BEFE276E-B578-49D4-A239-D48D90761440}.Release|Any CPU.Build.0 = Release|Any CPU
		{33137874-CEA4-4541-8347-58B83AC36306}.Debug|Any CPU.ActiveCfg = Debug|Any CPU
		{33137874-CEA4-4541-8347-58B83AC36306}.Debug|Any CPU.Build.0 = Debug|Any CPU
		{33137874-CEA4-4541-8347-58B83AC36306}.Release|Any CPU.ActiveCfg = Release|Any CPU
		{33137874-CEA4-4541-8347-58B83AC36306}.Release|Any CPU.Build.0 = Release|Any CPU
	EndGlobalSection
	GlobalSection(SolutionProperties) = preSolution
		HideSolutionNode = FALSE
	EndGlobalSection
	GlobalSection(NestedProjects) = preSolution
		{33137874-CEA4-4541-8347-58B83AC36306} = {6A75DBEF-84F7-45B0-8E1E-5EED796B98F4}
	EndGlobalSection
	GlobalSection(ExtensibilityGlobals) = postSolution
		SolutionGuid = {8CA9424B-1D92-414E-A24E-85971C8BADFE}
	EndGlobalSection
EndGlobal
